{
  "name": "5.0",
  "lockfileVersion": 3,
  "requires": true,
  "packages": {
    "": {
      "dependencies": {
        "types-registry": "^0.1.639"
      },
      "devDependencies": {
        "@types/node": "^18.15.11",
        "@types/ws": "^8.5.4"
      }
    },
    "node_modules/@types/node": {
      "version": "18.15.11",
      "resolved": "https://registry.npmjs.org/@types/node/-/node-18.15.11.tgz",
      "integrity": "sha512-E5Kwq2n4SbMzQOn6wnmBjuK9ouqlURrcZDVfbo9ftDDTFt3nk7ZKK4GMOzoYgnpQJKcxwQw+lGaBvvlMo0qN/Q==",
      "dev": true
    },
    "node_modules/@types/ws": {
      "version": "8.5.4",
      "resolved": "https://registry.npmjs.org/@types/ws/-/ws-8.5.4.tgz",
      "integrity": "sha512-zdQDHKUgcX/zBc4GrwsE/7dVdAD8JR4EuiAXiiUhhfyIJXXb2+PrGshFyeXWQPMmmZ2XxgaqclgpIC7eTXc1mg==",
      "dev": true,
      "dependencies": {
        "@types/node": "*"
      }
    },
    "node_modules/types-registry": {
      "version": "0.1.639",
      "resolved": "https://registry.npmjs.org/types-registry/-/types-registry-0.1.639.tgz",
      "integrity": "sha512-RxtDRPeMN5SAev+N1T9bWyzLiNML6JHivI0HuEgejXr6em8viBoTq6OZWW7eMAlxHlErByo9R/nK4OSTNeS8tQ=="
    }
  }
}
